
Microsoft Visual Studio Solution File, Format Version 12.00
# Visual Studio Version 17
VisualStudioVersion = 17.8.34511.84
MinimumVisualStudioVersion = 10.0.40219.1
Project("{9A19103F-16F7-4668-BE54-9A1E7A4F7556}") = "HotelBookingApp", "HotelBookingApp\HotelBookingApp.csproj", "{6836FB13-CB5F-4A5C-A105-584FFFEE9F60}"
EndProject
Project("{9A19103F-16F7-4668-BE54-9A1E7A4F7556}") = "HotelBookingApp.Data", "HotelBookingApp.Data\HotelBookingApp.Data.csproj", "{5BDFAFDB-074B-404F-B3EB-8A94E4DCCA44}"
EndProject
Project("{9A19103F-16F7-4668-BE54-9A1E7A4F7556}") = "HotelBookingApp.Tests", "HotelBookingApp.Tests\HotelBookingApp.Tests.csproj", "{CA6DE652-9BF6-4787-B258-65FC9E308E51}"
EndProject
Global
	GlobalSection(SolutionConfigurationPlatforms) = preSolution
		Debug|Any CPU = Debug|Any CPU
		Release|Any CPU = Release|Any CPU
	EndGlobalSection
	GlobalSection(ProjectConfigurationPlatforms) = postSolution
		{6836FB13-CB5F-4A5C-A105-584FFFEE9F60}.Debug|Any CPU.ActiveCfg = Debug|Any CPU
		{6836FB13-CB5F-4A5C-A105-584FFFEE9F60}.Debug|Any CPU.Build.0 = Debug|Any CPU
		{6836FB13-CB5F-4A5C-A105-584FFFEE9F60}.Release|Any CPU.ActiveCfg = Release|Any CPU
		{6836FB13-CB5F-4A5C-A105-584FFFEE9F60}.Release|Any CPU.Build.0 = Release|Any CPU
		{5BDFAFDB-074B-404F-B3EB-8A94E4DCCA44}.Debug|Any CPU.ActiveCfg = Debug|Any CPU
		{5BDFAFDB-074B-404F-B3EB-8A94E4DCCA44}.Debug|Any CPU.Build.0 = Debug|Any CPU
		{5BDFAFDB-074B-404F-B3EB-8A94E4DCCA44}.Release|Any CPU.ActiveCfg = Release|Any CPU
		{5BDFAFDB-074B-404F-B3EB-8A94E4DCCA44}.Release|Any CPU.Build.0 = Release|Any CPU
		{CA6DE652-9BF6-4787-B258-65FC9E308E51}.Debug|Any CPU.ActiveCfg = Debug|Any CPU
		{CA6DE652-9BF6-4787-B258-65FC9E308E51}.Debug|Any CPU.Build.0 = Debug|Any CPU
		{CA6DE652-9BF6-4787-B258-65FC9E308E51}.Release|Any CPU.ActiveCfg = Release|Any CPU
		{CA6DE652-9BF6-4787-B258-65FC9E308E51}.Release|Any CPU.Build.0 = Release|Any CPU
	EndGlobalSection
	GlobalSection(SolutionProperties) = preSolution
		HideSolutionNode = FALSE
	EndGlobalSection
	GlobalSection(ExtensibilityGlobals) = postSolution
		SolutionGuid = {7D839333-F545-4CD7-8E6D-305359C2021B}
	EndGlobalSection
EndGlobal
